// !$*UTF8*$!
{
	archiveVersion = 1;
	classes = {
	};
	objectVersion = 46;
	objects = {

/* Begin PBXBuildFile section */
		2BC0D8BD1DF92EB900FE9955 /* cursor1.mp3 in Resources */ = {isa = PBXBuildFile; fileRef = 2BC0D8BC1DF92EB900FE9955 /* cursor1.mp3 */; };
		2BE177CB1DF2B679006153CC /* AppDelegate.swift in Sources */ = {isa = PBXBuildFile; fileRef = 2BE177CA1DF2B679006153CC /* AppDelegate.swift */; };
		2BE177CD1DF2B679006153CC /* ViewController.swift in Sources */ = {isa = PBXBuildFile; fileRef = 2BE177CC1DF2B679006153CC /* ViewController.swift */; };
		2BE177D01DF2B679006153CC /* Main.storyboard in Resources */ = {isa = PBXBuildFile; fileRef = 2BE177CE1DF2B679006153CC /* Main.storyboard */; };
		2BE177D21DF2B679006153CC /* Assets.xcassets in Resources */ = {isa = PBXBuildFile; fileRef = 2BE177D11DF2B679006153CC /* Assets.xcassets */; };
		2BE177D51DF2B679006153CC /* LaunchScreen.storyboard in Resources */ = {isa = PBXBuildFile; fileRef = 2BE177D31DF2B679006153CC /* LaunchScreen.storyboard */; };
		2BE177E01DF2B679006153CC /* sampleTests.swift in Sources */ = {isa = PBXBuildFile; fileRef = 2BE177DF1DF2B679006153CC /* sampleTests.swift */; };
		2BE177EB1DF2B67A006153CC /* sampleUITests.swift in Sources */ = {isa = PBXBuildFile; fileRef = 2BE177EA1DF2B67A006153CC /* sampleUITests.swift */; };
/* End PBXBuildFile section */

/* Begin PBXContainerItemProxy section */
		2BE177DC1DF2B679006153CC /* PBXContainerItemProxy */ = {
			isa = PBXContainerItemProxy;
			containerPortal = 2BE177BF1DF2B679006153CC /* Project object */;
			proxyType = 1;
			remoteGlobalIDString = 2BE177C61DF2B679006153CC;
			remoteInfo = sample;
		};
		2BE177E71DF2B679006153CC /* PBXContainerItemProxy */ = {
			isa = PBXContainerItemProxy;
			containerPortal = 2BE177BF1DF2B679006153CC /* Project object */;
			proxyType = 1;
			remoteGlobalIDString = 2BE177C61DF2B679006153CC;
			remoteInfo = sample;
		};
/* End PBXContainerItemProxy section */

/* Begin PBXFileReference section */
		2BC0D8BC1DF92EB900FE9955 /* cursor1.mp3 */ = {isa = PBXFileReference; lastKnownFileType = audio.mp3; path = cursor1.mp3; sourceTree = "<group>"; };
		2BE177C71DF2B679006153CC /* sample.app */ = {isa = PBXFileReference; explicitFileType = wrapper.application; includeInIndex = 0; path = sample.app; sourceTree = BUILT_PRODUCTS_DIR; };
		2BE177CA1DF2B679006153CC /* AppDelegate.swift */ = {isa = PBXFileReference; lastKnownFileType = sourcecode.swift; path = AppDelegate.swift; sourceTree = "<group>"; };
		2BE177CC1DF2B679006153CC /* ViewController.swift */ = {isa = PBXFileReference; lastKnownFileType = sourcecode.swift; path = ViewController.swift; sourceTree = "<group>"; };
		2BE177CF1DF2B679006153CC /* Base */ = {isa = PBXFileReference; lastKnownFileType = file.storyboard; name = Base; path = Base.lproj/Main.storyboard; sourceTree = "<group>"; };
		2BE177D11DF2B679006153CC /* Assets.xcassets */ = {isa = PBXFileReference; lastKnownFileType = folder.assetcatalog; path = Assets.xcassets; sourceTree = "<group>"; };
		2BE177D41DF2B679006153CC /* Base */ = {isa = PBXFileReference; lastKnownFileType = file.storyboard; name = Base; path = Base.lproj/LaunchScreen.storyboard; sourceTree = "<group>"; };
		2BE177D61DF2B679006153CC /* Info.plist */ = {isa = PBXFileReference; lastKnownFileType = text.plist.xml; path = Info.plist; sourceTree = "<group>"; };
		2BE177DB1DF2B679006153CC /* sampleTests.xctest */ = {isa = PBXFileReference; explicitFileType = wrapper.cfbundle; includeInIndex = 0; path = sampleTests.xctest; sourceTree = BUILT_PRODUCTS_DIR; };
		2BE177DF1DF2B679006153CC /* sampleTests.swift */ = {isa = PBXFileReference; lastKnownFileType = sourcecode.swift; path = sampleTests.swift; sourceTree = "<group>"; };
		2BE177E11DF2B679006153CC /* Info.plist */ = {isa = PBXFileReference; lastKnownFileType = text.plist.xml; path = Info.plist; sourceTree = "<group>"; };
		2BE177E61DF2B679006153CC /* sampleUITests.xctest */ = {isa = PBXFileReference; explicitFileType = wrapper.cfbundle; includeInIndex = 0; path = sampleUITests.xctest; sourceTree = BUILT_PRODUCTS_DIR; };
		2BE177EA1DF2B67A006153CC /* sampleUITests.swift */ = {isa = PBXFileReference; lastKnownFileType = sourcecode.swift; path = sampleUITests.swift; sourceTree = "<group>"; };
		2BE177EC1DF2B67A006153CC /* Info.plist */ = {isa = PBXFileReference; lastKnownFileType = text.plist.xml; path = Info.plist; sourceTree = "<group>"; };
/* End PBXFileReference section */

/* Begin PBXFrameworksBuildPhase section */
		2BE177C41DF2B679006153CC /* Frameworks */ = {
			isa = PBXFrameworksBuildPhase;
			buildActionMask = 2147483647;
			files = (
			);
			runOnlyForDeploymentPostprocessing = 0;
		};
		2BE177D81DF2B679006153CC /* Frameworks */ = {
			isa = PBXFrameworksBuildPhase;
			buildActionMask = 2147483647;
			files = (
			);
			runOnlyForDeploymentPostprocessing = 0;
		};
		2BE177E31DF2B679006153CC /* Frameworks */ = {
			isa = PBXFrameworksBuildPhase;
			buildActionMask = 2147483647;
			files = (
			);
			runOnlyForDeploymentPostprocessing = 0;
		};
/* End PBXFrameworksBuildPhase section */

/* Begin PBXGroup section */
		2BE177BE1DF2B679006153CC = {
			isa = PBXGroup;
			children = (
				2BE177C91DF2B679006153CC /* sample */,
				2BE177DE1DF2B679006153CC /* sampleTests */,
				2BE177E91DF2B679006153CC /* sampleUITests */,
				2BE177C81DF2B679006153CC /* Products */,
			);
			sourceTree = "<group>";
		};
		2BE177C81DF2B679006153CC /* Products */ = {
			isa = PBXGroup;
			children = (
				2BE177C71DF2B679006153CC /* sample.app */,
				2BE177DB1DF2B679006153CC /* sampleTests.xctest */,
				2BE177E61DF2B679006153CC /* sampleUITests.xctest */,
			);
			name = Products;
			sourceTree = "<group>";
		};
		2BE177C91DF2B679006153CC /* sample */ = {
			isa = PBXGroup;
			children = (
				2BE177CA1DF2B679006153CC /* AppDelegate.swift */,
				2BC0D8BC1DF92EB900FE9955 /* cursor1.mp3 */,
				2BE177CC1DF2B679006153CC /* ViewController.swift */,
				2BE177CE1DF2B679006153CC /* Main.storyboard */,
				2BE177D11DF2B679006153CC /* Assets.xcassets */,
				2BE177D31DF2B679006153CC /* LaunchScreen.storyboard */,
				2BE177D61DF2B679006153CC /* Info.plist */,
			);
			path = sample;
			sourceTree = "<group>";
		};
		2BE177DE1DF2B679006153CC /* sampleTests */ = {
			isa = PBXGroup;
			children = (
				2BE177DF1DF2B679006153CC /* sampleTests.swift */,
				2BE177E11DF2B679006153CC /* Info.plist */,
			);
			path = sampleTests;
			sourceTree = "<group>";
		};
		2BE177E91DF2B679006153CC /* sampleUITests */ = {
			isa = PBXGroup;
			children = (
				2BE177EA1DF2B67A006153CC /* sampleUITests.swift */,
				2BE177EC1DF2B67A006153CC /* Info.plist */,
			);
			path = sampleUITests;
			sourceTree = "<group>";
		};
/* End PBXGroup section */

/* Begin PBXNativeTarget section */
		2BE177C61DF2B679006153CC /* sample */ = {
			isa = PBXNativeTarget;
			buildConfigurationList = 2BE177EF1DF2B67A006153CC /* Build configuration list for PBXNativeTarget "sample" */;
			buildPhases = (
				2BE177C31DF2B679006153CC /* Sources */,
				2BE177C41DF2B679006153CC /* Frameworks */,
				2BE177C51DF2B679006153CC /* Resources */,
			);
			buildRules = (
			);
			dependencies = (
			);
			name = sample;
			productName = sample;
			productReference = 2BE177C71DF2B679006153CC /* sample.app */;
			productType = "com.apple.product-type.application";
		};
		2BE177DA1DF2B679006153CC /* sampleTests */ = {
			isa = PBXNativeTarget;
			buildConfigurationList = 2BE177F21DF2B67A006153CC /* Build configuration list for PBXNativeTarget "sampleTests" */;
			buildPhases = (
				2BE177D71DF2B679006153CC /* Sources */,
				2BE177D81DF2B679006153CC /* Frameworks */,
				2BE177D91DF2B679006153CC /* Resources */,
			);
			buildRules = (
			);
			dependencies = (
				2BE177DD1DF2B679006153CC /* PBXTargetDependency */,
			);
			name = sampleTests;
			productName = sampleTests;
			productReference = 2BE177DB1DF2B679006153CC /* sampleTests.xctest */;
			productType = "com.apple.product-type.bundle.unit-test";
		};
		2BE177E51DF2B679006153CC /* sampleUITests */ = {
			isa = PBXNativeTarget;
			buildConfigurationList = 2BE177F51DF2B67A006153CC /* Build configuration list for PBXNativeTarget "sampleUITests" */;
			buildPhases = (
				2BE177E21DF2B679006153CC /* Sources */,
				2BE177E31DF2B679006153CC /* Frameworks */,
				2BE177E41DF2B679006153CC /* Resources */,
			);
			buildRules = (
			);
			dependencies = (
				2BE177E81DF2B679006153CC /* PBXTargetDependency */,
			);
			name = sampleUITests;
			productName = sampleUITests;
			productReference = 2BE177E61DF2B679006153CC /* sampleUITests.xctest */;
			productType = "com.apple.product-type.bundle.ui-testing";
		};
/* End PBXNativeTarget section */

/* Begin PBXProject section */
		2BE177BF1DF2B679006153CC /* Project object */ = {
			isa = PBXProject;
			attributes = {
				LastSwiftUpdateCheck = 0800;
				LastUpgradeCheck = 0800;
				ORGANIZATIONNAME = 7006427923;
				TargetAttributes = {
					2BE177C61DF2B679006153CC = {
						CreatedOnToolsVersion = 8.0;
						DevelopmentTeam = 24E4VZLQK9;
						ProvisioningStyle = Automatic;
					};
					2BE177DA1DF2B679006153CC = {
						CreatedOnToolsVersion = 8.0;
						DevelopmentTeam = 24E4VZLQK9;
						ProvisioningStyle = Automatic;
						TestTargetID = 2BE177C61DF2B679006153CC;
					};
					2BE177E51DF2B679006153CC = {
						CreatedOnToolsVersion = 8.0;
						DevelopmentTeam = 24E4VZLQK9;
						ProvisioningStyle = Automatic;
						TestTargetID = 2BE177C61DF2B679006153CC;
					};
				};
			};
			buildConfigurationList = 2BE177C21DF2B679006153CC /* Build configuration list for PBXProject "sample" */;
			compatibilityVersion = "Xcode 3.2";
			developmentRegion = English;
			hasScannedForEncodings = 0;
			knownRegions = (
				en,
				Base,
			);
			mainGroup = 2BE177BE1DF2B679006153CC;
			productRefGroup = 2BE177C81DF2B679006153CC /* Products */;
			projectDirPath = "";
			projectRoot = "";
			targets = (
				2BE177C61DF2B679006153CC /* sample */,
				2BE177DA1DF2B679006153CC /* sampleTests */,
				2BE177E51DF2B679006153CC /* sampleUITests */,
			);
		};
/* End PBXProject section */

/* Begin PBXResourcesBuildPhase section */
		2BE177C51DF2B679006153CC /* Resources */ = {
			isa = PBXResourcesBuildPhase;
			buildActionMask = 2147483647;
			files = (
				2BC0D8BD1DF92EB900FE9955 /* cursor1.mp3 in Resources */,
				2BE177D51DF2B679006153CC /* LaunchScreen.storyboard in Resources */,
				2BE177D21DF2B679006153CC /* Assets.xcassets in Resources */,
				2BE177D01DF2B679006153CC /* Main.storyboard in Resources */,
			);
			runOnlyForDeploymentPostprocessing = 0;
		};
		2BE177D91DF2B679006153CC /* Resources */ = {
			isa = PBXResourcesBuildPhase;
			buildActionMask = 2147483647;
			files = (
			);
			runOnlyForDeploymentPostprocessing = 0;
		};
		2BE177E41DF2B679006153CC /* Resources */ = {
			isa = PBXResourcesBuildPhase;
			buildActionMask = 2147483647;
			files = (
			);
			runOnlyForDeploymentPostprocessing = 0;
		};
/* End PBXResourcesBuildPhase section */

/* Begin PBXSourcesBuildPhase section */
		2BE177C31DF2B679006153CC /* Sources */ = {
			isa = PBXSourcesBuildPhase;
			buildActionMask = 2147483647;
			files = (
				2BE177CD1DF2B679006153CC /* ViewController.swift in Sources */,
				2BE177CB1DF2B679006153CC /* AppDelegate.swift in Sources */,
			);
			runOnlyForDeploymentPostprocessing = 0;
		};
		2BE177D71DF2B679006153CC /* Sources */ = {
			isa = PBXSourcesBuildPhase;
			buildActionMask = 2147483647;
			files = (
				2BE177E01DF2B679006153CC /* sampleTests.swift in Sources */,
			);
			runOnlyForDeploymentPostprocessing = 0;
		};
		2BE177E21DF2B679006153CC /* Sources */ = {
			isa = PBXSourcesBuildPhase;
			buildActionMask = 2147483647;
			files = (
				2BE177EB1DF2B67A006153CC /* sampleUITests.swift in Sources */,
			);
			runOnlyForDeploymentPostprocessing = 0;
		};
/* End PBXSourcesBuildPhase section */

/* Begin PBXTargetDependency section */
		2BE177DD1DF2B679006153CC /* PBXTargetDependency */ = {
			isa = PBXTargetDependency;
			target = 2BE177C61DF2B679006153CC /* sample */;
			targetProxy = 2BE177DC1DF2B679006153CC /* PBXContainerItemProxy */;
		};
		2BE177E81DF2B679006153CC /* PBXTargetDependency */ = {
			isa = PBXTargetDependency;
			target = 2BE177C61DF2B679006153CC /* sample */;
			targetProxy = 2BE177E71DF2B679006153CC /* PBXContainerItemProxy */;
		};
/* End PBXTargetDependency section */

/* Begin PBXVariantGroup section */
		2BE177CE1DF2B679006153CC /* Main.storyboard */ = {
			isa = PBXVariantGroup;
			children = (
				2BE177CF1DF2B679006153CC /* Base */,
			);
			name = Main.storyboard;
			sourceTree = "<group>";
		};
		2BE177D31DF2B679006153CC /* LaunchScreen.storyboard */ = {
			isa = PBXVariantGroup;
			children = (
				2BE177D41DF2B679006153CC /* Base */,
			);
			name = LaunchScreen.storyboard;
			sourceTree = "<group>";
		};
/* End PBXVariantGroup section */

/* Begin XCBuildConfiguration section */
		2BE177ED1DF2B67A006153CC /* Debug */ = {
			isa = XCBuildConfiguration;
			buildSettings = {
				ALWAYS_SEARCH_USER_PATHS = NO;
				CLANG_ANALYZER_NONNULL = YES;
				CLANG_CXX_LANGUAGE_STANDARD = "gnu++0x";
				CLANG_CXX_LIBRARY = "libc++";
				CLANG_ENABLE_MODULES = YES;
				CLANG_ENABLE_OBJC_ARC = YES;
				CLANG_WARN_BOOL_CONVERSION = YES;
				CLANG_WARN_CONSTANT_CONVERSION = YES;
				CLANG_WARN_DIRECT_OBJC_ISA_USAGE = YES_ERROR;
				CLANG_WARN_DOCUMENTATION_COMMENTS = YES;
				CLANG_WARN_EMPTY_BODY = YES;
				CLANG_WARN_ENUM_CONVERSION = YES;
				CLANG_WARN_INFINITE_RECURSION = YES;
				CLANG_WARN_INT_CONVERSION = YES;
				CLANG_WARN_OBJC_ROOT_CLASS = YES_ERROR;
				CLANG_WARN_SUSPICIOUS_MOVES = YES;
				CLANG_WARN_UNREACHABLE_CODE = YES;
				CLANG_WARN__DUPLICATE_METHOD_MATCH = YES;
				"CODE_SIGN_IDENTITY[sdk=iphoneos*]" = "iPhone Developer";
				COPY_PHASE_STRIP = NO;
				DEBUG_INFORMATION_FORMAT = dwarf;
				ENABLE_STRICT_OBJC_MSGSEND = YES;
				ENABLE_TESTABILITY = YES;
				GCC_C_LANGUAGE_STANDARD = gnu99;
				GCC_DYNAMIC_NO_PIC = NO;
				GCC_NO_COMMON_BLOCKS = YES;
				GCC_OPTIMIZATION_LEVEL = 0;
				GCC_PREPROCESSOR_DEFINITIONS = (
					"DEBUG=1",
					"$(inherited)",
				);
				GCC_WARN_64_TO_32_BIT_CONVERSION = YES;
				GCC_WARN_ABOUT_RETURN_TYPE = YES_ERROR;
				GCC_WARN_UNDECLARED_SELECTOR = YES;
				GCC_WARN_UNINITIALIZED_AUTOS = YES_AGGRESSIVE;
				GCC_WARN_UNUSED_FUNCTION = YES;
				GCC_WARN_UNUSED_VARIABLE = YES;
				IPHONEOS_DEPLOYMENT_TARGET = 10.0;
				MTL_ENABLE_DEBUG_INFO = YES;
				ONLY_ACTIVE_ARCH = YES;
				SDKROOT = iphoneos;
				SWIFT_ACTIVE_COMPILATION_CONDITIONS = DEBUG;
				SWIFT_OPTIMIZATION_LEVEL = "-Onone";
			};
			name = Debug;
		};
		2BE177EE1DF2B67A006153CC /* Release */ = {
			isa = XCBuildConfiguration;
			buildSettings = {
				ALWAYS_SEARCH_USER_PATHS = NO;
				CLANG_ANALYZER_NONNULL = YES;
				CLANG_CXX_LANGUAGE_STANDARD = "gnu++0x";
				CLANG_CXX_LIBRARY = "libc++";
				CLANG_ENABLE_MODULES = YES;
				CLANG_ENABLE_OBJC_ARC = YES;
				CLANG_WARN_BOOL_CONVERSION = YES;
				CLANG_WARN_CONSTANT_CONVERSION = YES;
				CLANG_WARN_DIRECT_OBJC_ISA_USAGE = YES_ERROR;
				CLANG_WARN_DOCUMENTATION_COMMENTS = YES;
				CLANG_WARN_EMPTY_BODY = YES;
				CLANG_WARN_ENUM_CONVERSION = YES;
				CLANG_WARN_INFINITE_RECURSION = YES;
				CLANG_WARN_INT_CONVERSION = YES;
				CLANG_WARN_OBJC_ROOT_CLASS = YES_ERROR;
				CLANG_WARN_SUSPICIOUS_MOVES = YES;
				CLANG_WARN_UNREACHABLE_CODE = YES;
				CLANG_WARN__DUPLICATE_METHOD_MATCH = YES;
				"CODE_SIGN_IDENTITY[sdk=iphoneos*]" = "iPhone Developer";
				COPY_PHASE_STRIP = NO;
				DEBUG_INFORMATION_FORMAT = "dwarf-with-dsym";
				ENABLE_NS_ASSERTIONS = NO;
				ENABLE_STRICT_OBJC_MSGSEND = YES;
				GCC_C_LANGUAGE_STANDARD = gnu99;
				GCC_NO_COMMON_BLOCKS = YES;
				GCC_WARN_64_TO_32_BIT_CONVERSION = YES;
				GCC_WARN_ABOUT_RETURN_TYPE = YES_ERROR;
				GCC_WARN_UNDECLARED_SELECTOR = YES;
				GCC_WARN_UNINITIALIZED_AUTOS = YES_AGGRESSIVE;
				GCC_WARN_UNUSED_FUNCTION = YES;
				GCC_WARN_UNUSED_VARIABLE = YES;
				IPHONEOS_DEPLOYMENT_TARGET = 10.0;
				MTL_ENABLE_DEBUG_INFO = NO;
				SDKROOT = iphoneos;
				SWIFT_OPTIMIZATION_LEVEL = "-Owholemodule";
				VALIDATE_PRODUCT = YES;
			};
			name = Release;
		};
		2BE177F01DF2B67A006153CC /* Debug */ = {
			isa = XCBuildConfiguration;
			buildSettings = {
				ASSETCATALOG_COMPILER_APPICON_NAME = AppIcon;
				DEVELOPMENT_TEAM = 24E4VZLQK9;
				INFOPLIST_FILE = sample/Info.plist;
				LD_RUNPATH_SEARCH_PATHS = "$(inherited) @executable_path/Frameworks";
				PRODUCT_BUNDLE_IDENTIFIER = com.7006427923.sample;
				PRODUCT_NAME = "$(TARGET_NAME)";
				SWIFT_VERSION = 3.0;
			};
			name = Debug;
		};
		2BE177F11DF2B67A006153CC /* Release */ = {
			isa = XCBuildConfiguration;
			buildSettings = {
				ASSETCATALOG_COMPILER_APPICON_NAME = AppIcon;
				DEVELOPMENT_TEAM = 24E4VZLQK9;
				INFOPLIST_FILE = sample/Info.plist;
				LD_RUNPATH_SEARCH_PATHS = "$(inherited) @executable_path/Frameworks";
				PRODUCT_BUNDLE_IDENTIFIER = com.7006427923.sample;
				PRODUCT_NAME = "$(TARGET_NAME)";
				SWIFT_VERSION = 3.0;
			};
			name = Release;
		};
		2BE177F31DF2B67A006153CC /* Debug */ = {
			isa = XCBuildConfiguration;
			buildSettings = {
				ALWAYS_EMBED_SWIFT_STANDARD_LIBRARIES = YES;
				BUNDLE_LOADER = "$(TEST_HOST)";
				DEVELOPMENT_TEAM = 24E4VZLQK9;
				INFOPLIST_FILE = sampleTests/Info.plist;
				LD_RUNPATH_SEARCH_PATHS = "$(inherited) @executable_path/Frameworks @loader_path/Frameworks";
				PRODUCT_BUNDLE_IDENTIFIER = com.7006427923.sampleTests;
				PRODUCT_NAME = "$(TARGET_NAME)";
				SWIFT_VERSION = 3.0;
				TEST_HOST = "$(BUILT_PRODUCTS_DIR)/sample.app/sample";
			};
			name = Debug;
		};
		2BE177F41DF2B67A006153CC /* Release */ = {
			isa = XCBuildConfiguration;
			buildSettings = {
				ALWAYS_EMBED_SWIFT_STANDARD_LIBRARIES = YES;
				BUNDLE_LOADER = "$(TEST_HOST)";
				DEVELOPMENT_TEAM = 24E4VZLQK9;
				INFOPLIST_FILE = sampleTests/Info.plist;
				LD_RUNPATH_SEARCH_PATHS = "$(inherited) @executable_path/Frameworks @loader_path/Frameworks";
				PRODUCT_BUNDLE_IDENTIFIER = com.7006427923.sampleTests;
				PRODUCT_NAME = "$(TARGET_NAME)";
				SWIFT_VERSION = 3.0;
				TEST_HOST = "$(BUILT_PRODUCTS_DIR)/sample.app/sample";
			};
			name = Release;
		};
		2BE177F61DF2B67A006153CC /* Debug */ = {
			isa = XCBuildConfiguration;
			buildSettings = {
				ALWAYS_EMBED_SWIFT_STANDARD_LIBRARIES = YES;
				DEVELOPMENT_TEAM = 24E4VZLQK9;
				INFOPLIST_FILE = sampleUITests/Info.plist;
				LD_RUNPATH_SEARCH_PATHS = "$(inherited) @executable_path/Frameworks @loader_path/Frameworks";
				PRODUCT_BUNDLE_IDENTIFIER = com.7006427923.sampleUITests;
				PRODUCT_NAME = "$(TARGET_NAME)";
				SWIFT_VERSION = 3.0;
				TEST_TARGET_NAME = sample;
			};
			name = Debug;
		};
		2BE177F71DF2B67A006153CC /* Release */ = {
			isa = XCBuildConfiguration;
			buildSettings = {
				ALWAYS_EMBED_SWIFT_STANDARD_LIBRARIES = YES;
				DEVELOPMENT_TEAM = 24E4VZLQK9;
				INFOPLIST_FILE = sampleUITests/Info.plist;
				LD_RUNPATH_SEARCH_PATHS = "$(inherited) @executable_path/Frameworks @loader_path/Frameworks";
				PRODUCT_BUNDLE_IDENTIFIER = com.7006427923.sampleUITests;
				PRODUCT_NAME = "$(TARGET_NAME)";
				SWIFT_VERSION = 3.0;
				TEST_TARGET_NAME = sample;
			};
			name = Release;
		};
/* End XCBuildConfiguration section */

/* Begin XCConfigurationList section */
		2BE177C21DF2B679006153CC /* Build configuration list for PBXProject "sample" */ = {
			isa = XCConfigurationList;
			buildConfigurations = (
				2BE177ED1DF2B67A006153CC /* Debug */,
				2BE177EE1DF2B67A006153CC /* Release */,
			);
			defaultConfigurationIsVisible = 0;
			defaultConfigurationName = Release;
		};
		2BE177EF1DF2B67A006153CC /* Build configuration list for PBXNativeTarget "sample" */ = {
			isa = XCConfigurationList;
			buildConfigurations = (
				2BE177F01DF2B67A006153CC /* Debug */,
				2BE177F11DF2B67A006153CC /* Release */,
			);
			defaultConfigurationIsVisible = 0;
			defaultConfigurationName = Release;
		};
		2BE177F21DF2B67A006153CC /* Build configuration list for PBXNativeTarget "sampleTests" */ = {
			isa = XCConfigurationList;
			buildConfigurations = (
				2BE177F31DF2B67A006153CC /* Debug */,
				2BE177F41DF2B67A006153CC /* Release */,
			);
			defaultConfigurationIsVisible = 0;
			defaultConfigurationName = Release;
		};
		2BE177F51DF2B67A006153CC /* Build configuration list for PBXNativeTarget "sampleUITests" */ = {
			isa = XCConfigurationList;
			buildConfigurations = (
				2BE177F61DF2B67A006153CC /* Debug */,
				2BE177F71DF2B67A006153CC /* Release */,
			);
			defaultConfigurationIsVisible = 0;
			defaultConfigurationName = Release;
		};
/* End XCConfigurationList section */
	};
	rootObject = 2BE177BF1DF2B679006153CC /* Project object */;
}
